# THIS IS AN AUTOGENERATED FILE. DO NOT EDIT THIS FILE DIRECTLY.
# yarn lockfile v1


"@babel/runtime@^7.13.10":
  version "7.17.9"
  resolved "https://registry.yarnpkg.com/@babel/runtime/-/runtime-7.17.9.tgz#d19fbf802d01a8cb6cf053a64e472d42c434ba72"
  integrity sha512-lSiBBvodq29uShpWGNbgFdKYNiFDo5/HIYsaCEY9ff4sb10x9jizo2+pRrSyF4jKZCXqgzuqBOQKbUm90gQwJg==
  dependencies:
    regenerator-runtime "^0.13.4"

"@floating-ui/core@^0.7.3":
  version "0.7.3"
  resolved "https://registry.yarnpkg.com/@floating-ui/core/-/core-0.7.3.tgz#d274116678ffae87f6b60e90f88cc4083eefab86"
  integrity sha512-buc8BXHmG9l82+OQXOFU3Kr2XQx9ys01U/Q9HMIrZ300iLc8HLMgh7dcCqgYzAzf4BkoQvDcXf5Y+CuEZ5JBYg==

"@floating-ui/dom@^0.5.3":
  version "0.5.4"
  resolved "https://registry.yarnpkg.com/@floating-ui/dom/-/dom-0.5.4.tgz#4eae73f78bcd4bd553ae2ade30e6f1f9c73fe3f1"
  integrity sha512-419BMceRLq0RrmTSDxn8hf9R3VCJv2K9PUfugh5JyEFmdjzDo+e8U5EdR8nzKq8Yj1htzLm3b6eQEEam3/rrtg==
  dependencies:
    "@floating-ui/core" "^0.7.3"

"@floating-ui/react-dom@0.7.2":
  version "0.7.2"
  resolved "https://registry.yarnpkg.com/@floating-ui/react-dom/-/react-dom-0.7.2.tgz#0bf4ceccb777a140fc535c87eb5d6241c8e89864"
  integrity sha512-1T0sJcpHgX/u4I1OzIEhlcrvkUN8ln39nz7fMoE/2HDHrPiMFoOGR7++GYyfUmIQHkkrTinaeQsO3XWubjSvGg==
  dependencies:
    "@floating-ui/dom" "^0.5.3"
    use-isomorphic-layout-effect "^1.1.1"

"@next/env@12.1.4":
  version "12.1.4"
  resolved "https://registry.yarnpkg.com/@next/env/-/env-12.1.4.tgz#5af629b43075281ecd7f87938802b7cf5b67e94b"
  integrity sha512-7gQwotJDKnfMxxXd8xJ2vsX5AzyDxO3zou0+QOXX8/unypA6icw5+wf6A62yKZ6qQ4UZHHxS68pb6UV+wNneXg==

"@next/swc-android-arm-eabi@12.1.4":
  version "12.1.4"
  resolved "https://registry.yarnpkg.com/@next/swc-android-arm-eabi/-/swc-android-arm-eabi-12.1.4.tgz#c3dae178b7c15ad627d2e9b8dfb38caecb5c4ac7"
  integrity sha512-FJg/6a3s2YrUaqZ+/DJZzeZqfxbbWrynQMT1C5wlIEq9aDLXCFpPM/PiOyJh0ahxc0XPmi6uo38Poq+GJTuKWw==

"@next/swc-android-arm64@12.1.4":
  version "12.1.4"
  resolved "https://registry.yarnpkg.com/@next/swc-android-arm64/-/swc-android-arm64-12.1.4.tgz#f320d60639e19ecffa1f9034829f2d95502a9a51"
  integrity sha512-LXraazvQQFBgxIg3Htny6G5V5he9EK7oS4jWtMdTGIikmD/OGByOv8ZjLuVLZLtVm3UIvaAiGtlQSLecxJoJDw==

"@next/swc-darwin-arm64@12.1.4":
  version "12.1.4"
  resolved "https://registry.yarnpkg.com/@next/swc-darwin-arm64/-/swc-darwin-arm64-12.1.4.tgz#fd578278312613eddcf3aee26910100509941b63"
  integrity sha512-SSST/dBymecllZxcqTCcSTCu5o1NKk9I+xcvhn/O9nH6GWjgvGgGkNqLbCarCa0jJ1ukvlBA138FagyrmZ/4rQ==

"@next/swc-darwin-x64@12.1.4":
  version "12.1.4"
  resolved "https://registry.yarnpkg.com/@next/swc-darwin-x64/-/swc-darwin-x64-12.1.4.tgz#ace5f80d8c8348efe194f6d7074c6213c52b3944"
  integrity sha512-p1lwdX0TVjaoDXQVuAkjtxVBbCL/urgxiMCBwuPDO7TikpXtSRivi+mIzBj5q7ypgICFmIAOW3TyupXeoPRAnA==

"@next/swc-linux-arm-gnueabihf@12.1.4":
  version "12.1.4"
  resolved "https://registry.yarnpkg.com/@next/swc-linux-arm-gnueabihf/-/swc-linux-arm-gnueabihf-12.1.4.tgz#2bf2c83863635f19c71c226a2df936e001cce29c"
  integrity sha512-67PZlgkCn3TDxacdVft0xqDCL7Io1/C4xbAs0+oSQ0xzp6OzN2RNpuKjHJrJgKd0DsE1XZ9sCP27Qv0591yfyg==

"@next/swc-linux-arm64-gnu@12.1.4":
  version "12.1.4"
  resolved "https://registry.yarnpkg.com/@next/swc-linux-arm64-gnu/-/swc-linux-arm64-gnu-12.1.4.tgz#d577190f641c9b4b463719dd6b8953b6ba9be8d9"
  integrity sha512-OnOWixhhw7aU22TQdQLYrgpgFq0oA1wGgnjAiHJ+St7MLj82KTDyM9UcymAMbGYy6nG/TFOOHdTmRMtCRNOw0g==

"@next/swc-linux-arm64-musl@12.1.4":
  version "12.1.4"
  resolved "https://registry.yarnpkg.com/@next/swc-linux-arm64-musl/-/swc-linux-arm64-musl-12.1.4.tgz#e70ffe70393d8f9242deecdb282ce5a8fd588b14"
  integrity sha512-UoRMzPZnsAavdWtVylYxH8DNC7Uy0i6RrvNwT4PyQVdfANBn2omsUkcH5lgS2O7oaz0nAYLk1vqyZDO7+tJotA==

"@next/swc-linux-x64-gnu@12.1.4":
  version "12.1.4"
  resolved "https://registry.yarnpkg.com/@next/swc-linux-x64-gnu/-/swc-linux-x64-gnu-12.1.4.tgz#91498a130387fb1961902f2bee55863f8e910cff"
  integrity sha512-nM+MA/frxlTLUKLJKorctdI20/ugfHRjVEEkcLp/58LGG7slNaP1E5d5dRA1yX6ISjPcQAkywas5VlGCg+uTvA==

"@next/swc-linux-x64-musl@12.1.4":
  version "12.1.4"
  resolved "https://registry.yarnpkg.com/@next/swc-linux-x64-musl/-/swc-linux-x64-musl-12.1.4.tgz#78057b03c148c121553d41521ad38f6c732762ff"
  integrity sha512-GoRHxkuW4u4yKw734B9SzxJwVdyEJosaZ62P7ifOwcujTxhgBt3y76V2nNUrsSuopcKI2ZTDjaa+2wd5zyeXbA==

"@next/swc-win32-arm64-msvc@12.1.4":
  version "12.1.4"
  resolved "https://registry.yarnpkg.com/@next/swc-win32-arm64-msvc/-/swc-win32-arm64-msvc-12.1.4.tgz#05bbaabacac23b8edf6caa99eb86b17550a09051"
  integrity sha512-6TQkQze0ievXwHJcVUrIULwCYVe3ccX6T0JgZ1SiMeXpHxISN7VJF/O8uSCw1JvXZYZ6ud0CJ7nfC5HXivgfPg==

"@next/swc-win32-ia32-msvc@12.1.4":
  version "12.1.4"
  resolved "https://registry.yarnpkg.com/@next/swc-win32-ia32-msvc/-/swc-win32-ia32-msvc-12.1.4.tgz#8fd2fb48f04a2802e51fc320878bf6b411c1c866"
  integrity sha512-CsbX/IXuZ5VSmWCpSetG2HD6VO5FTsO39WNp2IR2Ut/uom9XtLDJAZqjQEnbUTLGHuwDKFjrIO3LkhtROXLE/g==

"@next/swc-win32-x64-msvc@12.1.4":
  version "12.1.4"
  resolved "https://registry.yarnpkg.com/@next/swc-win32-x64-msvc/-/swc-win32-x64-msvc-12.1.4.tgz#a72ed44c9b1f850986a30fe36c59e01f8a79b5f3"
  integrity sha512-JtYuWzKXKLDMgE/xTcFtCm1MiCIRaAc5XYZfYX3n/ZWSI1SJS/GMm+Su0SAHJgRFavJh6U/p998YwO/iGTIgqQ==

"@radix-ui/colors@^0.1.8":
  version "0.1.8"
  resolved "https://registry.yarnpkg.com/@radix-ui/colors/-/colors-0.1.8.tgz#b08c62536fc462a87632165fb28e9b18f9bd047e"
  integrity sha512-jwRMXYwC0hUo0mv6wGpuw254Pd9p/R6Td5xsRpOmaWkUHlooNWqVcadgyzlRumMq3xfOTXwJReU0Jv+EIy4Jbw==

"@radix-ui/number@1.0.0":
  version "1.0.0"
  resolved "https://registry.yarnpkg.com/@radix-ui/number/-/number-1.0.0.tgz#4c536161d0de750b3f5d55860fc3de46264f897b"
  integrity sha512-Ofwh/1HX69ZfJRiRBMTy7rgjAzHmwe4kW9C9Y99HTRUcYLUuVT0KESFj15rPjRgKJs20GPq8Bm5aEDJ8DuA3vA==
  dependencies:
    "@babel/runtime" "^7.13.10"

"@radix-ui/primitive@1.0.0":
  version "1.0.0"
  resolved "https://registry.yarnpkg.com/@radix-ui/primitive/-/primitive-1.0.0.tgz#e1d8ef30b10ea10e69c76e896f608d9276352253"
  integrity sha512-3e7rn8FDMin4CgeL7Z/49smCA3rFYY3Ha2rUQ7HRWFadS5iCRw08ZgVT1LaNTCNqgvrUiyczLflrVrF0SRQtNA==
  dependencies:
    "@babel/runtime" "^7.13.10"

"@radix-ui/react-accordion@^1.0.0":
  version "1.0.0"
  resolved "https://registry.yarnpkg.com/@radix-ui/react-accordion/-/react-accordion-1.0.0.tgz#bf69dc1f13fce05d6d7560ff79954c49abc1b71b"
  integrity sha512-F4vrzev+f1gjrWiU+IFQIzN43fYyvQ+AN0OicHYoDddis53xnPC0DKm16Ks4/XjvmqbISAR/FscYX0vymEHxcA==
  dependencies:
    "@babel/runtime" "^7.13.10"
    "@radix-ui/primitive" "1.0.0"
    "@radix-ui/react-collapsible" "1.0.0"
    "@radix-ui/react-collection" "1.0.0"
    "@radix-ui/react-compose-refs" "1.0.0"
    "@radix-ui/react-context" "1.0.0"
    "@radix-ui/react-id" "1.0.0"
    "@radix-ui/react-primitive" "1.0.0"
    "@radix-ui/react-use-controllable-state" "1.0.0"

"@radix-ui/react-alert-dialog@^1.0.0":
  version "1.0.0"
  resolved "https://registry.yarnpkg.com/@radix-ui/react-alert-dialog/-/react-alert-dialog-1.0.0.tgz#7fe3648f443382fc1765bed9c69b04113df7b031"
  integrity sha512-E2N5klf4Mi1QjTIPqSfAPXFPeZG5ZnnBZJ80lcTzJ0fSp8dqLG6bcxrkCrSU4Gm+HVZxxuCPkUHBfntd9aZUcw==
  dependencies:
    "@babel/runtime" "^7.13.10"
    "@radix-ui/primitive" "1.0.0"
    "@radix-ui/react-compose-refs" "1.0.0"
    "@radix-ui/react-context" "1.0.0"
    "@radix-ui/react-dialog" "1.0.0"
    "@radix-ui/react-primitive" "1.0.0"
    "@radix-ui/react-slot" "1.0.0"

"@radix-ui/react-arrow@1.0.0":
  version "1.0.0"
  resolved "https://registry.yarnpkg.com/@radix-ui/react-arrow/-/react-arrow-1.0.0.tgz#c461f4c2cab3317e3d42a1ae62910a4cbb0192a1"
  integrity sha512-1MUuv24HCdepi41+qfv125EwMuxgQ+U+h0A9K3BjCO/J8nVRREKHHpkD9clwfnjEDk9hgGzCnff4aUKCPiRepw==
  dependencies:
    "@babel/runtime" "^7.13.10"
    "@radix-ui/react-primitive" "1.0.0"

"@radix-ui/react-aspect-ratio@^1.0.0":
  version "1.0.0"
  resolved "https://registry.yarnpkg.com/@radix-ui/react-aspect-ratio/-/react-aspect-ratio-1.0.0.tgz#bc8ff46ec2ab221768e17f3bc05cc49d338a4e41"
  integrity sha512-/QlrIrrcWU8QPz5AccWgKdQGUFw+EKZaxzlH5eWqbOCBTmq0kM1lgaa9EbsmyJwOTtlN0Az9F83lNboQubifwg==
  dependencies:
    "@babel/runtime" "^7.13.10"
    "@radix-ui/react-primitive" "1.0.0"

"@radix-ui/react-avatar@^1.0.0":
  version "1.0.0"
  resolved "https://registry.yarnpkg.com/@radix-ui/react-avatar/-/react-avatar-1.0.0.tgz#74ff3c0b39a74e07a5b2f1a1718ee480f6ed4e2b"
  integrity sha512-pCN+bXAjhuGt7xkDh8MgdB2wN09XhLKpzPMJR9aVVS0tz0oTCy8wkbFOAmLotjBwZBHMJ9acpsVh7/JIuDSCtw==
  dependencies:
    "@babel/runtime" "^7.13.10"
    "@radix-ui/react-context" "1.0.0"
    "@radix-ui/react-primitive" "1.0.0"
    "@radix-ui/react-use-callback-ref" "1.0.0"
    "@radix-ui/react-use-layout-effect" "1.0.0"

"@radix-ui/react-checkbox@^1.0.0":
  version "1.0.0"
  resolved "https://registry.yarnpkg.com/@radix-ui/react-checkbox/-/react-checkbox-1.0.0.tgz#8985facb0cfeb740c4751091b8ee42d5c3f7e5e1"
  integrity sha512-MoboEfb4O6Akggz7UwZDKp4p9YR8+FIAmIa7UEAiAxfbTArIgSJqJLaEpdF+MPR4Uk/lSGNW727uvugef/UqWQ==
  dependencies:
    "@babel/runtime" "^7.13.10"
    "@radix-ui/primitive" "1.0.0"
    "@radix-ui/react-compose-refs" "1.0.0"
    "@radix-ui/react-context" "1.0.0"
    "@radix-ui/react-label" "1.0.0"
    "@radix-ui/react-presence" "1.0.0"
    "@radix-ui/react-primitive" "1.0.0"
    "@radix-ui/react-use-controllable-state" "1.0.0"
    "@radix-ui/react-use-previous" "1.0.0"
    "@radix-ui/react-use-size" "1.0.0"

"@radix-ui/react-collapsible@1.0.0":
  version "1.0.0"
  resolved "https://registry.yarnpkg.com/@radix-ui/react-collapsible/-/react-collapsible-1.0.0.tgz#0d94fc847c2d4bee1ab646d15c87bd3be6448873"
  integrity sha512-NfZqWntvPsC43szs0NvumRjmTTJTLgaDOAnmVGDZaGsg2u6LcJwUT7YeYSKnlxWRQWN4pwwEfoYdWrtoutfO8g==
  dependencies:
    "@babel/runtime" "^7.13.10"
    "@radix-ui/primitive" "1.0.0"
    "@radix-ui/react-compose-refs" "1.0.0"
    "@radix-ui/react-context" "1.0.0"
    "@radix-ui/react-id" "1.0.0"
    "@radix-ui/react-presence" "1.0.0"
    "@radix-ui/react-primitive" "1.0.0"
    "@radix-ui/react-use-controllable-state" "1.0.0"
    "@radix-ui/react-use-layout-effect" "1.0.0"

"@radix-ui/react-collection@1.0.0":
  version "1.0.0"
  resolved "https://registry.yarnpkg.com/@radix-ui/react-collection/-/react-collection-1.0.0.tgz#0ec4c72fabd35a03b5787075ac799e3b17ca5710"
  integrity sha512-8i1pf5dKjnq90Z8udnnXKzdCEV3/FYrfw0n/b6NvB6piXEn3fO1bOh7HBcpG8XrnIXzxlYu2oCcR38QpyLS/mg==
  dependencies:
    "@babel/runtime" "^7.13.10"
    "@radix-ui/react-compose-refs" "1.0.0"
    "@radix-ui/react-context" "1.0.0"
    "@radix-ui/react-primitive" "1.0.0"
    "@radix-ui/react-slot" "1.0.0"

"@radix-ui/react-compose-refs@1.0.0":
  version "1.0.0"
  resolved "https://registry.yarnpkg.com/@radix-ui/react-compose-refs/-/react-compose-refs-1.0.0.tgz#37595b1f16ec7f228d698590e78eeed18ff218ae"
  integrity sha512-0KaSv6sx787/hK3eF53iOkiSLwAGlFMx5lotrqD2pTjB18KbybKoEIgkNZTKC60YECDQTKGTRcDBILwZVqVKvA==
  dependencies:
    "@babel/runtime" "^7.13.10"

"@radix-ui/react-context-menu@^1.0.0":
  version "1.0.0"
  resolved "https://registry.yarnpkg.com/@radix-ui/react-context-menu/-/react-context-menu-1.0.0.tgz#49f2ac5faafc8124add8069a39eab603b2437ba8"
  integrity sha512-JkwOgdXwErwEEpsmgu0Ob8zD3gzWS1brPXnNGPyZEtR6/EYyDgruQYKiihXVsCrPCdrNUHawop9I1+6JTdXPTA==
  dependencies:
    "@babel/runtime" "^7.13.10"
    "@radix-ui/primitive" "1.0.0"
    "@radix-ui/react-context" "1.0.0"
    "@radix-ui/react-menu" "1.0.0"
    "@radix-ui/react-primitive" "1.0.0"
    "@radix-ui/react-use-callback-ref" "1.0.0"
    "@radix-ui/react-use-controllable-state" "1.0.0"

"@radix-ui/react-context@1.0.0":
  version "1.0.0"
  resolved "https://registry.yarnpkg.com/@radix-ui/react-context/-/react-context-1.0.0.tgz#f38e30c5859a9fb5e9aa9a9da452ee3ed9e0aee0"
  integrity sha512-1pVM9RfOQ+n/N5PJK33kRSKsr1glNxomxONs5c49MliinBY6Yw2Q995qfBUUo0/Mbg05B/sGA0gkgPI7kmSHBg==
  dependencies:
    "@babel/runtime" "^7.13.10"

"@radix-ui/react-dialog@1.0.0":
  version "1.0.0"
  resolved "https://registry.yarnpkg.com/@radix-ui/react-dialog/-/react-dialog-1.0.0.tgz#997e97cb183bc90bd888b26b8e23a355ac9fe5f0"
  integrity sha512-Yn9YU+QlHYLWwV1XfKiqnGVpWYWk6MeBVM6x/bcoyPvxgjQGoeT35482viLPctTMWoMw0PoHgqfSox7Ig+957Q==
  dependencies:
    "@babel/runtime" "^7.13.10"
    "@radix-ui/primitive" "1.0.0"
    "@radix-ui/react-compose-refs" "1.0.0"
    "@radix-ui/react-context" "1.0.0"
    "@radix-ui/react-dismissable-layer" "1.0.0"
    "@radix-ui/react-focus-guards" "1.0.0"
    "@radix-ui/react-focus-scope" "1.0.0"
    "@radix-ui/react-id" "1.0.0"
    "@radix-ui/react-portal" "1.0.0"
    "@radix-ui/react-presence" "1.0.0"
    "@radix-ui/react-primitive" "1.0.0"
    "@radix-ui/react-slot" "1.0.0"
    "@radix-ui/react-use-controllable-state" "1.0.0"
    aria-hidden "^1.1.1"
    react-remove-scroll "2.5.4"

"@radix-ui/react-direction@1.0.0":
  version "1.0.0"
  resolved "https://registry.yarnpkg.com/@radix-ui/react-direction/-/react-direction-1.0.0.tgz#a2e0b552352459ecf96342c79949dd833c1e6e45"
  integrity sha512-2HV05lGUgYcA6xgLQ4BKPDmtL+QbIZYH5fCOTAOOcJ5O0QbWS3i9lKaurLzliYUDhORI2Qr3pyjhJh44lKA3rQ==
  dependencies:
    "@babel/runtime" "^7.13.10"

"@radix-ui/react-dismissable-layer@1.0.0":
  version "1.0.0"
  resolved "https://registry.yarnpkg.com/@radix-ui/react-dismissable-layer/-/react-dismissable-layer-1.0.0.tgz#35b7826fa262fd84370faef310e627161dffa76b"
  integrity sha512-n7kDRfx+LB1zLueRDvZ1Pd0bxdJWDUZNQ/GWoxDn2prnuJKRdxsjulejX/ePkOsLi2tTm6P24mDqlMSgQpsT6g==
  dependencies:
    "@babel/runtime" "^7.13.10"
    "@radix-ui/primitive" "1.0.0"
    "@radix-ui/react-compose-refs" "1.0.0"
    "@radix-ui/react-primitive" "1.0.0"
    "@radix-ui/react-use-callback-ref" "1.0.0"
    "@radix-ui/react-use-escape-keydown" "1.0.0"

"@radix-ui/react-dropdown-menu@^1.0.0":
  version "1.0.0"
  resolved "https://registry.yarnpkg.com/@radix-ui/react-dropdown-menu/-/react-dropdown-menu-1.0.0.tgz#687959e1bcdd5e8eb0de406484aff28d0974c593"
  integrity sha512-Ptben3TxPWrZLbInO7zjAK73kmjYuStsxfg6ujgt+EywJyREoibhZYnsSNqC+UiOtl4PdW/MOHhxVDtew5fouQ==
  dependencies:
    "@babel/runtime" "^7.13.10"
    "@radix-ui/primitive" "1.0.0"
    "@radix-ui/react-compose-refs" "1.0.0"
    "@radix-ui/react-context" "1.0.0"
    "@radix-ui/react-id" "1.0.0"
    "@radix-ui/react-menu" "1.0.0"
    "@radix-ui/react-primitive" "1.0.0"
    "@radix-ui/react-use-controllable-state" "1.0.0"

"@radix-ui/react-focus-guards@1.0.0":
  version "1.0.0"
  resolved "https://registry.yarnpkg.com/@radix-ui/react-focus-guards/-/react-focus-guards-1.0.0.tgz#339c1c69c41628c1a5e655f15f7020bf11aa01fa"
  integrity sha512-UagjDk4ijOAnGu4WMUPj9ahi7/zJJqNZ9ZAiGPp7waUWJO0O1aWXi/udPphI0IUjvrhBsZJGSN66dR2dsueLWQ==
  dependencies:
    "@babel/runtime" "^7.13.10"

"@radix-ui/react-focus-scope@1.0.0":
  version "1.0.0"
  resolved "https://registry.yarnpkg.com/@radix-ui/react-focus-scope/-/react-focus-scope-1.0.0.tgz#95a0c1188276dc8933b1eac5f1cdb6471e01ade5"
  integrity sha512-C4SWtsULLGf/2L4oGeIHlvWQx7Rf+7cX/vKOAD2dXW0A1b5QXwi3wWeaEgW+wn+SEVrraMUk05vLU9fZZz5HbQ==
  dependencies:
    "@babel/runtime" "^7.13.10"
    "@radix-ui/react-compose-refs" "1.0.0"
    "@radix-ui/react-primitive" "1.0.0"
    "@radix-ui/react-use-callback-ref" "1.0.0"

"@radix-ui/react-hover-card@^1.0.0":
  version "1.0.0"
  resolved "https://registry.yarnpkg.com/@radix-ui/react-hover-card/-/react-hover-card-1.0.0.tgz#d8a1afb4e616ed55a2ecf4e3ab12aa56f2093a20"
  integrity sha512-9Vn24lwbB0QUrVsgIKdjCmX9Y/ElBbBbGrJ4FWeT6EktaOQUWJT7y1Ao+WBSlNwbklhJIbbhZgknHm0IAoxTLA==
  dependencies:
    "@babel/runtime" "^7.13.10"
    "@radix-ui/primitive" "1.0.0"
    "@radix-ui/react-compose-refs" "1.0.0"
    "@radix-ui/react-context" "1.0.0"
    "@radix-ui/react-dismissable-layer" "1.0.0"
    "@radix-ui/react-popper" "1.0.0"
    "@radix-ui/react-portal" "1.0.0"
    "@radix-ui/react-presence" "1.0.0"
    "@radix-ui/react-primitive" "1.0.0"
    "@radix-ui/react-use-controllable-state" "1.0.0"

"@radix-ui/react-icons@^1.1.0":
  version "1.1.0"
  resolved "https://registry.yarnpkg.com/@radix-ui/react-icons/-/react-icons-1.1.0.tgz#c060c48ea04ea9df15cfc2be801f84eea3015855"
  integrity sha512-nhctV9YKN8G4HfkS3p03ml+osTBDMGKImaAJTm666hymtaWEgIPiqL7F53ivDqIO4A+20ERwUiiKJ8h3XK7uAg==

"@radix-ui/react-id@1.0.0":
  version "1.0.0"
  resolved "https://registry.yarnpkg.com/@radix-ui/react-id/-/react-id-1.0.0.tgz#8d43224910741870a45a8c9d092f25887bb6d11e"
  integrity sha512-Q6iAB/U7Tq3NTolBBQbHTgclPmGWE3OlktGGqrClPozSw4vkQ1DfQAOtzgRPecKsMdJINE05iaoDUG8tRzCBjw==
  dependencies:
    "@babel/runtime" "^7.13.10"
    "@radix-ui/react-use-layout-effect" "1.0.0"

"@radix-ui/react-label@1.0.0":
  version "1.0.0"
  resolved "https://registry.yarnpkg.com/@radix-ui/react-label/-/react-label-1.0.0.tgz#c6691b0bec18958512a952c18732279285b61fef"
  integrity sha512-k+EbxeRaVbSJ4oaR9eUYuC0cDIGRB4TAPhilbFCIMpP9pXFNcyQPQUvRaVOQBrviuArYM80xh0BQR/0y3kjUdQ==
  dependencies:
    "@babel/runtime" "^7.13.10"
    "@radix-ui/react-compose-refs" "1.0.0"
    "@radix-ui/react-context" "1.0.0"
    "@radix-ui/react-id" "1.0.0"
    "@radix-ui/react-primitive" "1.0.0"

"@radix-ui/react-menu@1.0.0":
  version "1.0.0"
  resolved "https://registry.yarnpkg.com/@radix-ui/react-menu/-/react-menu-1.0.0.tgz#f1e07778c0011aa0c5be260fee88491d3aadf261"
  integrity sha512-icW4C64T6nHh3Z4Q1fxO1RlSShouFF4UpUmPV8FLaJZfphDljannKErDuALDx4ClRLihAPZ9i+PrLNPoWS2DMA==
  dependencies:
    "@babel/runtime" "^7.13.10"
    "@radix-ui/primitive" "1.0.0"
    "@radix-ui/react-collection" "1.0.0"
    "@radix-ui/react-compose-refs" "1.0.0"
    "@radix-ui/react-context" "1.0.0"
    "@radix-ui/react-direction" "1.0.0"
    "@radix-ui/react-dismissable-layer" "1.0.0"
    "@radix-ui/react-focus-guards" "1.0.0"
    "@radix-ui/react-focus-scope" "1.0.0"
    "@radix-ui/react-id" "1.0.0"
    "@radix-ui/react-popper" "1.0.0"
    "@radix-ui/react-portal" "1.0.0"
    "@radix-ui/react-presence" "1.0.0"
    "@radix-ui/react-primitive" "1.0.0"
    "@radix-ui/react-roving-focus" "1.0.0"
    "@radix-ui/react-slot" "1.0.0"
    "@radix-ui/react-use-callback-ref" "1.0.0"
    aria-hidden "^1.1.1"
    react-remove-scroll "2.5.4"

"@radix-ui/react-navigation-menu@^1.0.0":
  version "1.0.0"
  resolved "https://registry.yarnpkg.com/@radix-ui/react-navigation-menu/-/react-navigation-menu-1.0.0.tgz#5aaf65967794147eee52e87930191c55d08bd213"
  integrity sha512-HbwG3A9z9zdcan0076EbTXqMvmQeesC3nOMEL7XtWqBnxPo8MLStk0vMs0hjIQ+9O9/KTcEJq+TeRX2pUuvuSg==
  dependencies:
    "@babel/runtime" "^7.13.10"
    "@radix-ui/primitive" "1.0.0"
    "@radix-ui/react-collection" "1.0.0"
    "@radix-ui/react-compose-refs" "1.0.0"
    "@radix-ui/react-context" "1.0.0"
    "@radix-ui/react-direction" "1.0.0"
    "@radix-ui/react-dismissable-layer" "1.0.0"
    "@radix-ui/react-id" "1.0.0"
    "@radix-ui/react-presence" "1.0.0"
    "@radix-ui/react-primitive" "1.0.0"
    "@radix-ui/react-use-callback-ref" "1.0.0"
    "@radix-ui/react-use-controllable-state" "1.0.0"
    "@radix-ui/react-use-layout-effect" "1.0.0"
    "@radix-ui/react-use-previous" "1.0.0"
    "@radix-ui/react-visually-hidden" "1.0.0"

"@radix-ui/react-popover@^1.0.0":
  version "1.0.0"
  resolved "https://registry.yarnpkg.com/@radix-ui/react-popover/-/react-popover-1.0.0.tgz#5ee72013089fdf9038417fc1eb98a749c17457fd"
  integrity sha512-osxFFO0TiZ9ABpEOitZu0R1Fdd+tSpJgAqLZxRLLdZQ7ya0onSODcITp5hXDVuYQeVXH6pKEBGwXN6ZGjZ0a5g==
  dependencies:
    "@babel/runtime" "^7.13.10"
    "@radix-ui/primitive" "1.0.0"
    "@radix-ui/react-compose-refs" "1.0.0"
    "@radix-ui/react-context" "1.0.0"
    "@radix-ui/react-dismissable-layer" "1.0.0"
    "@radix-ui/react-focus-guards" "1.0.0"
    "@radix-ui/react-focus-scope" "1.0.0"
    "@radix-ui/react-id" "1.0.0"
    "@radix-ui/react-popper" "1.0.0"
    "@radix-ui/react-portal" "1.0.0"
    "@radix-ui/react-presence" "1.0.0"
    "@radix-ui/react-primitive" "1.0.0"
    "@radix-ui/react-slot" "1.0.0"
    "@radix-ui/react-use-controllable-state" "1.0.0"
    aria-hidden "^1.1.1"
    react-remove-scroll "2.5.4"

"@radix-ui/react-popper@1.0.0":
  version "1.0.0"
  resolved "https://registry.yarnpkg.com/@radix-ui/react-popper/-/react-popper-1.0.0.tgz#fb4f937864bf39c48f27f55beee61fa9f2bef93c"
  integrity sha512-k2dDd+1Wl0XWAMs9ZvAxxYsB9sOsEhrFQV4CINd7IUZf0wfdye4OHen9siwxvZImbzhgVeKTJi68OQmPRvVdMg==
  dependencies:
    "@babel/runtime" "^7.13.10"
    "@floating-ui/react-dom" "0.7.2"
    "@radix-ui/react-arrow" "1.0.0"
    "@radix-ui/react-compose-refs" "1.0.0"
    "@radix-ui/react-context" "1.0.0"
    "@radix-ui/react-primitive" "1.0.0"
    "@radix-ui/react-use-layout-effect" "1.0.0"
    "@radix-ui/react-use-rect" "1.0.0"
    "@radix-ui/react-use-size" "1.0.0"
    "@radix-ui/rect" "1.0.0"

"@radix-ui/react-portal@1.0.0":
  version "1.0.0"
  resolved "https://registry.yarnpkg.com/@radix-ui/react-portal/-/react-portal-1.0.0.tgz#7220b66743394fabb50c55cb32381395cc4a276b"
  integrity sha512-a8qyFO/Xb99d8wQdu4o7qnigNjTPG123uADNecz0eX4usnQEj7o+cG4ZX4zkqq98NYekT7UoEQIjxBNWIFuqTA==
  dependencies:
    "@babel/runtime" "^7.13.10"
    "@radix-ui/react-primitive" "1.0.0"

"@radix-ui/react-presence@1.0.0":
  version "1.0.0"
  resolved "https://registry.yarnpkg.com/@radix-ui/react-presence/-/react-presence-1.0.0.tgz#814fe46df11f9a468808a6010e3f3ca7e0b2e84a"
  integrity sha512-A+6XEvN01NfVWiKu38ybawfHsBjWum42MRPnEuqPsBZ4eV7e/7K321B5VgYMPv3Xx5An6o1/l9ZuDBgmcmWK3w==
  dependencies:
    "@babel/runtime" "^7.13.10"
    "@radix-ui/react-compose-refs" "1.0.0"
    "@radix-ui/react-use-layout-effect" "1.0.0"

"@radix-ui/react-primitive@1.0.0":
  version "1.0.0"
  resolved "https://registry.yarnpkg.com/@radix-ui/react-primitive/-/react-primitive-1.0.0.tgz#376cd72b0fcd5e0e04d252ed33eb1b1f025af2b0"
  integrity sha512-EyXe6mnRlHZ8b6f4ilTDrXmkLShICIuOTTj0GX4w1rp+wSxf3+TD05u1UOITC8VsJ2a9nwHvdXtOXEOl0Cw/zQ==
  dependencies:
    "@babel/runtime" "^7.13.10"
    "@radix-ui/react-slot" "1.0.0"

"@radix-ui/react-progress@^1.0.0":
  version "1.0.0"
  resolved "https://registry.yarnpkg.com/@radix-ui/react-progress/-/react-progress-1.0.0.tgz#78ef64ee36273eabdae278c4c9580285122d4334"
  integrity sha512-j+JHtTuDpIhF0eOolNug+8hpZqNXcXp2GhTtwz+lnFzhY2a8+LXRSU79iy0r0WUs7UqCXCEeIJIrhg7NS/vPGA==
  dependencies:
    "@babel/runtime" "^7.13.10"
    "@radix-ui/react-context" "1.0.0"
    "@radix-ui/react-primitive" "1.0.0"

"@radix-ui/react-radio-group@^1.0.0":
  version "1.0.0"
  resolved "https://registry.yarnpkg.com/@radix-ui/react-radio-group/-/react-radio-group-1.0.0.tgz#16267bdfc3c1bd293a6ac1b34f3e9b484e88ebf8"
  integrity sha512-WekhUjLzH6/ZXQNAum2NNww+0zvOIfFu96+AZ1XXxWolq82vNAgqMbPrxyqij2H/sa33wbjqspErybsTLtVTDA==
  dependencies:
    "@babel/runtime" "^7.13.10"
    "@radix-ui/primitive" "1.0.0"
    "@radix-ui/react-compose-refs" "1.0.0"
    "@radix-ui/react-context" "1.0.0"
    "@radix-ui/react-direction" "1.0.0"
    "@radix-ui/react-label" "1.0.0"
    "@radix-ui/react-presence" "1.0.0"
    "@radix-ui/react-primitive" "1.0.0"
    "@radix-ui/react-roving-focus" "1.0.0"
    "@radix-ui/react-use-controllable-state" "1.0.0"
    "@radix-ui/react-use-previous" "1.0.0"
    "@radix-ui/react-use-size" "1.0.0"

"@radix-ui/react-roving-focus@1.0.0":
  version "1.0.0"
  resolved "https://registry.yarnpkg.com/@radix-ui/react-roving-focus/-/react-roving-focus-1.0.0.tgz#aadeb65d5dbcdbdd037078156ae1f57c2ff754ee"
  integrity sha512-lHvO4MhvoWpeNbiJAoyDsEtbKqP2jkkdwsMVJ3kfqbkC71J/aXE6Th6gkZA1xHEqSku+t+UgoDjvE7Z3gsBpcg==
  dependencies:
    "@babel/runtime" "^7.13.10"
    "@radix-ui/primitive" "1.0.0"
    "@radix-ui/react-collection" "1.0.0"
    "@radix-ui/react-compose-refs" "1.0.0"
    "@radix-ui/react-context" "1.0.0"
    "@radix-ui/react-direction" "1.0.0"
    "@radix-ui/react-id" "1.0.0"
    "@radix-ui/react-primitive" "1.0.0"
    "@radix-ui/react-use-callback-ref" "1.0.0"
    "@radix-ui/react-use-controllable-state" "1.0.0"

"@radix-ui/react-scroll-area@^1.0.0":
  version "1.0.0"
  resolved "https://registry.yarnpkg.com/@radix-ui/react-scroll-area/-/react-scroll-area-1.0.0.tgz#10d0262a52266af528798f36947145f7e3a3a52c"
  integrity sha512-3SNFukAjS5remgtpAVR9m3Zgo23ZojBZ8V3TCyR3A+56x2mtVqKlPV4+e8rScZUFMuvtbjIdQCmsJBFBazKZig==
  dependencies:
    "@babel/runtime" "^7.13.10"
    "@radix-ui/number" "1.0.0"
    "@radix-ui/primitive" "1.0.0"
    "@radix-ui/react-compose-refs" "1.0.0"
    "@radix-ui/react-context" "1.0.0"
    "@radix-ui/react-direction" "1.0.0"
    "@radix-ui/react-presence" "1.0.0"
    "@radix-ui/react-primitive" "1.0.0"
    "@radix-ui/react-use-callback-ref" "1.0.0"
    "@radix-ui/react-use-layout-effect" "1.0.0"

"@radix-ui/react-select@^1.0.0":
  version "1.0.0"
  resolved "https://registry.yarnpkg.com/@radix-ui/react-select/-/react-select-1.0.0.tgz#16d91f493a18e471d40fc06b1faff516b5686784"
  integrity sha512-GfbVBxx7JPvytNT+0XYCFCOImEMmpl0Vg7hhifLaLV7p5zRottFMgQ7qrrxw8v6B8buKXz41kWYMrdRrWqsZaQ==
  dependencies:
    "@babel/runtime" "^7.13.10"
    "@radix-ui/number" "1.0.0"
    "@radix-ui/primitive" "1.0.0"
    "@radix-ui/react-collection" "1.0.0"
    "@radix-ui/react-compose-refs" "1.0.0"
    "@radix-ui/react-context" "1.0.0"
    "@radix-ui/react-direction" "1.0.0"
    "@radix-ui/react-dismissable-layer" "1.0.0"
    "@radix-ui/react-focus-guards" "1.0.0"
    "@radix-ui/react-focus-scope" "1.0.0"
    "@radix-ui/react-id" "1.0.0"
    "@radix-ui/react-label" "1.0.0"
    "@radix-ui/react-portal" "1.0.0"
    "@radix-ui/react-primitive" "1.0.0"
    "@radix-ui/react-slot" "1.0.0"
    "@radix-ui/react-use-callback-ref" "1.0.0"
    "@radix-ui/react-use-controllable-state" "1.0.0"
    "@radix-ui/react-use-layout-effect" "1.0.0"
    "@radix-ui/react-use-previous" "1.0.0"
    "@radix-ui/react-visually-hidden" "1.0.0"
    aria-hidden "^1.1.1"
    react-remove-scroll "2.5.4"

"@radix-ui/react-separator@1.0.0", "@radix-ui/react-separator@^1.0.0":
  version "1.0.0"
  resolved "https://registry.yarnpkg.com/@radix-ui/react-separator/-/react-separator-1.0.0.tgz#ae318b5e7e1436b68d77cf08b7cd25a37893021f"
  integrity sha512-narSsDP+CKJWEOV9Yx9aOpw4bLaNRNIvnqmfx30mAJAJ9wPKoyVmcLzFj0Hyx3yQNZx7EokMwW6KtMyxN5jDUw==
  dependencies:
    "@babel/runtime" "^7.13.10"
    "@radix-ui/react-primitive" "1.0.0"

"@radix-ui/react-slider@^1.0.0":
  version "1.0.0"
  resolved "https://registry.yarnpkg.com/@radix-ui/react-slider/-/react-slider-1.0.0.tgz#4cabadd243aa088eb45ac710cd7cdc518fafb07e"
  integrity sha512-LMZET7vn7HYwYSjsc9Jcen8Vn4cJXZZxQT7T+lGlqp+F+FofX+H86TBF2yDq+L51d99f1KLEsflTGBz9WRLSig==
  dependencies:
    "@babel/runtime" "^7.13.10"
    "@radix-ui/number" "1.0.0"
    "@radix-ui/primitive" "1.0.0"
    "@radix-ui/react-collection" "1.0.0"
    "@radix-ui/react-compose-refs" "1.0.0"
    "@radix-ui/react-context" "1.0.0"
    "@radix-ui/react-direction" "1.0.0"
    "@radix-ui/react-primitive" "1.0.0"
    "@radix-ui/react-use-controllable-state" "1.0.0"
    "@radix-ui/react-use-layout-effect" "1.0.0"
    "@radix-ui/react-use-previous" "1.0.0"
    "@radix-ui/react-use-size" "1.0.0"

"@radix-ui/react-slot@1.0.0":
  version "1.0.0"
  resolved "https://registry.yarnpkg.com/@radix-ui/react-slot/-/react-slot-1.0.0.tgz#7fa805b99891dea1e862d8f8fbe07f4d6d0fd698"
  integrity sha512-3mrKauI/tWXo1Ll+gN5dHcxDPdm/Df1ufcDLCecn+pnCIVcdWE7CujXo8QaXOWRJyZyQWWbpB8eFwHzWXlv5mQ==
  dependencies:
    "@babel/runtime" "^7.13.10"
    "@radix-ui/react-compose-refs" "1.0.0"

"@radix-ui/react-switch@^1.0.0":
  version "1.0.0"
  resolved "https://registry.yarnpkg.com/@radix-ui/react-switch/-/react-switch-1.0.0.tgz#f714eb81da7b16dae7f5ab6e774e3194d8f009b6"
  integrity sha512-SydkCiuirxJfRG8259J0RIpOw1p6y4TgJdNYvDNXgkEjCjFzLCvBbgDNQn9SeYXk3mjO/ezMgMFsacnrp4eihw==
  dependencies:
    "@babel/runtime" "^7.13.10"
    "@radix-ui/primitive" "1.0.0"
    "@radix-ui/react-compose-refs" "1.0.0"
    "@radix-ui/react-context" "1.0.0"
    "@radix-ui/react-label" "1.0.0"
    "@radix-ui/react-primitive" "1.0.0"
    "@radix-ui/react-use-controllable-state" "1.0.0"
    "@radix-ui/react-use-previous" "1.0.0"
    "@radix-ui/react-use-size" "1.0.0"

"@radix-ui/react-tabs@^1.0.0":
  version "1.0.0"
  resolved "https://registry.yarnpkg.com/@radix-ui/react-tabs/-/react-tabs-1.0.0.tgz#135c67f1f2bd9ada69a3f6e38dd897d459af5fe5"
  integrity sha512-oKUwEDsySVC0uuSEH7SHCVt1+ijmiDFAI9p+fHCtuZdqrRDKIFs09zp5nrmu4ggP6xqSx9lj1VSblnDH+n3IBA==
  dependencies:
    "@babel/runtime" "^7.13.10"
    "@radix-ui/primitive" "1.0.0"
    "@radix-ui/react-context" "1.0.0"
    "@radix-ui/react-direction" "1.0.0"
    "@radix-ui/react-id" "1.0.0"
    "@radix-ui/react-presence" "1.0.0"
    "@radix-ui/react-primitive" "1.0.0"
    "@radix-ui/react-roving-focus" "1.0.0"
    "@radix-ui/react-use-controllable-state" "1.0.0"

"@radix-ui/react-toast@^1.0.0":
  version "1.0.0"
  resolved "https://registry.yarnpkg.com/@radix-ui/react-toast/-/react-toast-1.0.0.tgz#0d808e7f13376ddc74c0dbb7a4ff1c0602778ae2"
  integrity sha512-mdoF6rahgushdev0OX+9a7JKoH0xZAZBo2Ktf/s779S7EnkZeL3/MFiRIV5LpRP5CtASmfdSD3FLnEvG1RHRtQ==
  dependencies:
    "@babel/runtime" "^7.13.10"
    "@radix-ui/primitive" "1.0.0"
    "@radix-ui/react-collection" "1.0.0"
    "@radix-ui/react-compose-refs" "1.0.0"
    "@radix-ui/react-context" "1.0.0"
    "@radix-ui/react-dismissable-layer" "1.0.0"
    "@radix-ui/react-portal" "1.0.0"
    "@radix-ui/react-presence" "1.0.0"
    "@radix-ui/react-primitive" "1.0.0"
    "@radix-ui/react-use-callback-ref" "1.0.0"
    "@radix-ui/react-use-controllable-state" "1.0.0"
    "@radix-ui/react-use-layout-effect" "1.0.0"
    "@radix-ui/react-visually-hidden" "1.0.0"

"@radix-ui/react-toggle-group@1.0.0", "@radix-ui/react-toggle-group@^1.0.0":
  version "1.0.0"
  resolved "https://registry.yarnpkg.com/@radix-ui/react-toggle-group/-/react-toggle-group-1.0.0.tgz#6e78ffb13e0b4c1f789828930330638f4ba9c06d"
  integrity sha512-R/5sK4/BPgOYWAsheFaFpNFh0sLPHdqsBcqO5KW2+Foy36B2KBYrGd6Hu4HnzgivawVX+mSmVNhAwHA8Yb1hLA==
  dependencies:
    "@babel/runtime" "^7.13.10"
    "@radix-ui/primitive" "1.0.0"
    "@radix-ui/react-context" "1.0.0"
    "@radix-ui/react-direction" "1.0.0"
    "@radix-ui/react-primitive" "1.0.0"
    "@radix-ui/react-roving-focus" "1.0.0"
    "@radix-ui/react-toggle" "1.0.0"
    "@radix-ui/react-use-controllable-state" "1.0.0"

"@radix-ui/react-toggle@1.0.0", "@radix-ui/react-toggle@^1.0.0":
  version "1.0.0"
  resolved "https://registry.yarnpkg.com/@radix-ui/react-toggle/-/react-toggle-1.0.0.tgz#9c8f655497b26410766b9c01aa2954159c0cb60b"
  integrity sha512-RvY06eyDlZMC4rZdWK8jNovEDKf2jBvYFOB4rkQ/ypMOjFQuoh2QodlxlGakrZDrLnfxzyNnn/pg88CWVtAAdw==
  dependencies:
    "@babel/runtime" "^7.13.10"
    "@radix-ui/primitive" "1.0.0"
    "@radix-ui/react-primitive" "1.0.0"
    "@radix-ui/react-use-controllable-state" "1.0.0"

"@radix-ui/react-toolbar@^1.0.0":
  version "1.0.0"
  resolved "https://registry.yarnpkg.com/@radix-ui/react-toolbar/-/react-toolbar-1.0.0.tgz#543f5057f5d38b10a2cfce534f8e37e1a8b0eac8"
  integrity sha512-IvE13O0MP7pNc4c87Q7JPOyyXKRUJBjvqfoC/wCPxLlCz4ijoW+cU7J0Rw9Rj5TScyhUyinLL014j2uBH9O0EA==
  dependencies:
    "@babel/runtime" "^7.13.10"
    "@radix-ui/primitive" "1.0.0"
    "@radix-ui/react-context" "1.0.0"
    "@radix-ui/react-direction" "1.0.0"
    "@radix-ui/react-primitive" "1.0.0"
    "@radix-ui/react-roving-focus" "1.0.0"
    "@radix-ui/react-separator" "1.0.0"
    "@radix-ui/react-toggle-group" "1.0.0"

"@radix-ui/react-tooltip@^1.0.0":
  version "1.0.0"
  resolved "https://registry.yarnpkg.com/@radix-ui/react-tooltip/-/react-tooltip-1.0.0.tgz#f7fcecf2bac5c31cd14666b5acd056015fc21646"
  integrity sha512-RB06pov+O4Npy10ei1C6fsyB9QoOjz7Ubo8Sl3qdKtLgkL9iI96925DYtH0bxx6MH6YB2FuzLU6B75qn3AQQQw==
  dependencies:
    "@babel/runtime" "^7.13.10"
    "@radix-ui/primitive" "1.0.0"
    "@radix-ui/react-compose-refs" "1.0.0"
    "@radix-ui/react-context" "1.0.0"
    "@radix-ui/react-dismissable-layer" "1.0.0"
    "@radix-ui/react-id" "1.0.0"
    "@radix-ui/react-popper" "1.0.0"
    "@radix-ui/react-portal" "1.0.0"
    "@radix-ui/react-presence" "1.0.0"
    "@radix-ui/react-primitive" "1.0.0"
    "@radix-ui/react-slot" "1.0.0"
    "@radix-ui/react-use-controllable-state" "1.0.0"
    "@radix-ui/react-visually-hidden" "1.0.0"

"@radix-ui/react-use-callback-ref@1.0.0":
  version "1.0.0"
  resolved "https://registry.yarnpkg.com/@radix-ui/react-use-callback-ref/-/react-use-callback-ref-1.0.0.tgz#9e7b8b6b4946fe3cbe8f748c82a2cce54e7b6a90"
  integrity sha512-GZtyzoHz95Rhs6S63D2t/eqvdFCm7I+yHMLVQheKM7nBD8mbZIt+ct1jz4536MDnaOGKIxynJ8eHTkVGVVkoTg==
  dependencies:
    "@babel/runtime" "^7.13.10"

"@radix-ui/react-use-controllable-state@1.0.0":
  version "1.0.0"
  resolved "https://registry.yarnpkg.com/@radix-ui/react-use-controllable-state/-/react-use-controllable-state-1.0.0.tgz#a64deaafbbc52d5d407afaa22d493d687c538b7f"
  integrity sha512-FohDoZvk3mEXh9AWAVyRTYR4Sq7/gavuofglmiXB2g1aKyboUD4YtgWxKj8O5n+Uak52gXQ4wKz5IFST4vtJHg==
  dependencies:
    "@babel/runtime" "^7.13.10"
    "@radix-ui/react-use-callback-ref" "1.0.0"

"@radix-ui/react-use-escape-keydown@1.0.0":
  version "1.0.0"
  resolved "https://registry.yarnpkg.com/@radix-ui/react-use-escape-keydown/-/react-use-escape-keydown-1.0.0.tgz#aef375db4736b9de38a5a679f6f49b45a060e5d1"
  integrity sha512-JwfBCUIfhXRxKExgIqGa4CQsiMemo1Xt0W/B4ei3fpzpvPENKpMKQ8mZSB6Acj3ebrAEgi2xiQvcI1PAAodvyg==
  dependencies:
    "@babel/runtime" "^7.13.10"
    "@radix-ui/react-use-callback-ref" "1.0.0"

"@radix-ui/react-use-layout-effect@1.0.0":
  version "1.0.0"
  resolved "https://registry.yarnpkg.com/@radix-ui/react-use-layout-effect/-/react-use-layout-effect-1.0.0.tgz#2fc19e97223a81de64cd3ba1dc42ceffd82374dc"
  integrity sha512-6Tpkq+R6LOlmQb1R5NNETLG0B4YP0wc+klfXafpUCj6JGyaUc8il7/kUZ7m59rGbXGczE9Bs+iz2qloqsZBduQ==
  dependencies:
    "@babel/runtime" "^7.13.10"

"@radix-ui/react-use-previous@1.0.0":
  version "1.0.0"
  resolved "https://registry.yarnpkg.com/@radix-ui/react-use-previous/-/react-use-previous-1.0.0.tgz#e48a69c3a7d8078a967084038df66d0d181c56ac"
  integrity sha512-RG2K8z/K7InnOKpq6YLDmT49HGjNmrK+fr82UCVKT2sW0GYfVnYp4wZWBooT/EYfQ5faA9uIjvsuMMhH61rheg==
  dependencies:
    "@babel/runtime" "^7.13.10"

"@radix-ui/react-use-rect@1.0.0":
  version "1.0.0"
  resolved "https://registry.yarnpkg.com/@radix-ui/react-use-rect/-/react-use-rect-1.0.0.tgz#b040cc88a4906b78696cd3a32b075ed5b1423b3e"
  integrity sha512-TB7pID8NRMEHxb/qQJpvSt3hQU4sqNPM1VCTjTRjEOa7cEop/QMuq8S6fb/5Tsz64kqSvB9WnwsDHtjnrM9qew==
  dependencies:
    "@babel/runtime" "^7.13.10"
    "@radix-ui/rect" "1.0.0"

"@radix-ui/react-use-size@1.0.0":
  version "1.0.0"
  resolved "https://registry.yarnpkg.com/@radix-ui/react-use-size/-/react-use-size-1.0.0.tgz#a0b455ac826749419f6354dc733e2ca465054771"
  integrity sha512-imZ3aYcoYCKhhgNpkNDh/aTiU05qw9hX+HHI1QDBTyIlcFjgeFlKKySNGMwTp7nYFLQg/j0VA2FmCY4WPDDHMg==
  dependencies:
    "@babel/runtime" "^7.13.10"
    "@radix-ui/react-use-layout-effect" "1.0.0"

"@radix-ui/react-visually-hidden@1.0.0":
  version "1.0.0"
  resolved "https://registry.yarnpkg.com/@radix-ui/react-visually-hidden/-/react-visually-hidden-1.0.0.tgz#4d69d7e3b6d21ee4678ed6de5215dcd068394401"
  integrity sha512-MwAhMdX+n6S4InwRKSnpUsp+lLkYG6izQF56ul6guSX2mBBLOMV9Frx7xJlkEe2GjKLzbNuHhaCS6e5gopmZNA==
  dependencies:
    "@babel/runtime" "^7.13.10"
    "@radix-ui/react-primitive" "1.0.0"

"@radix-ui/rect@1.0.0":
  version "1.0.0"
  resolved "https://registry.yarnpkg.com/@radix-ui/rect/-/rect-1.0.0.tgz#0dc8e6a829ea2828d53cbc94b81793ba6383bf3c"
  integrity sha512-d0O68AYy/9oeEy1DdC07bz1/ZXX+DqCskRd3i4JzLSTXwefzaepQrKjXC7aNM8lTHjFLDO0pDgaEiQ7jEk+HVg==
  dependencies:
    "@babel/runtime" "^7.13.10"

"@stitches/react@^1.2.8":
  version "1.2.8"
  resolved "https://registry.yarnpkg.com/@stitches/react/-/react-1.2.8.tgz#954f8008be8d9c65c4e58efa0937f32388ce3a38"
  integrity sha512-9g9dWI4gsSVe8bNLlb+lMkBYsnIKCZTmvqvDG+Avnn69XfmHZKiaMrx7cgTaddq7aTPPmXiTsbFcUy0xgI4+wA==

"@types/node@^12.12.21":
  version "12.20.47"
  resolved "https://registry.yarnpkg.com/@types/node/-/node-12.20.47.tgz#ca9237d51f2a2557419688511dab1c8daf475188"
  integrity sha512-BzcaRsnFuznzOItW1WpQrDHM7plAa7GIDMZ6b5pnMbkqEtM/6WCOhvZar39oeMQP79gwvFUWjjptE7/KGcNqFg==

"@types/prop-types@*":
  version "15.7.5"
  resolved "https://registry.yarnpkg.com/@types/prop-types/-/prop-types-15.7.5.tgz#5f19d2b85a98e9558036f6a3cacc8819420f05cf"
  integrity sha512-JCB8C6SnDoQf0cNycqd/35A7MjcnK+ZTqE7judS6o7utxUCg6imJg3QK2qzHKszlTjcj2cn+NwMB2i96ubpj7w==

"@types/react-dom@^17.0.1":
  version "17.0.15"
  resolved "https://registry.yarnpkg.com/@types/react-dom/-/react-dom-17.0.15.tgz#f2c8efde11521a4b7991e076cb9c70ba3bb0d156"
  integrity sha512-Tr9VU9DvNoHDWlmecmcsE5ZZiUkYx+nKBzum4Oxe1K0yJVyBlfbq7H3eXjxXqJczBKqPGq3EgfTru4MgKb9+Yw==
  dependencies:
    "@types/react" "^17"

"@types/react@^17", "@types/react@^17.0.2":
  version "17.0.44"
  resolved "https://registry.yarnpkg.com/@types/react/-/react-17.0.44.tgz#c3714bd34dd551ab20b8015d9d0dbec812a51ec7"
  integrity sha512-Ye0nlw09GeMp2Suh8qoOv0odfgCoowfM/9MG6WeRD60Gq9wS90bdkdRtYbRkNhXOpG4H+YXGvj4wOWhAC0LJ1g==
  dependencies:
    "@types/prop-types" "*"
    "@types/scheduler" "*"
    csstype "^3.0.2"

"@types/scheduler@*":
  version "0.16.2"
  resolved "https://registry.yarnpkg.com/@types/scheduler/-/scheduler-0.16.2.tgz#1a62f89525723dde24ba1b01b092bf5df8ad4d39"
  integrity sha512-hppQEBDmlwhFAXKJX2KnWLYu5yMfi91yazPb2l+lbJiwW+wdo1gNeRA+3RgNSO39WYX2euey41KEwnqesU2Jew==

"@types/uuid@^8.3.4":
  version "8.3.4"
  resolved "https://registry.yarnpkg.com/@types/uuid/-/uuid-8.3.4.tgz#bd86a43617df0594787d38b735f55c805becf1bc"
  integrity sha512-c/I8ZRb51j+pYGAu5CrFMRxqZ2ke4y2grEBO5AUjgSkSk+qT2Ea+OdWElz/OiMf5MNpn2b17kuVBwZLQJXzihw==

aria-hidden@^1.1.1:
  version "1.1.3"
  resolved "https://registry.yarnpkg.com/aria-hidden/-/aria-hidden-1.1.3.tgz#bb48de18dc84787a3c6eee113709c473c64ec254"
  integrity sha512-RhVWFtKH5BiGMycI72q2RAFMLQi8JP9bLuQXgR5a8Znp7P5KOIADSJeyfI8PCVxLEp067B2HbP5JIiI/PXIZeA==
  dependencies:
    tslib "^1.0.0"

caniuse-lite@^1.0.30001283:
  version "1.0.30001327"
  resolved "https://registry.yarnpkg.com/caniuse-lite/-/caniuse-lite-1.0.30001327.tgz#c1546d7d7bb66506f0ccdad6a7d07fc6d668c858"
  integrity sha512-1/Cg4jlD9qjZzhbzkzEaAC2JHsP0WrOc8Rd/3a3LuajGzGWR/hD7TVyvq99VqmTy99eVh8Zkmdq213OgvgXx7w==

csstype@^3.0.2:
  version "3.0.11"
  resolved "https://registry.yarnpkg.com/csstype/-/csstype-3.0.11.tgz#d66700c5eacfac1940deb4e3ee5642792d85cd33"
  integrity sha512-sa6P2wJ+CAbgyy4KFssIb/JNMLxFvKF1pCYCSXS8ZMuqZnMsrxqI2E5sPyoTpxoPU/gVZMzr2zjOfg8GIZOMsw==

detect-node-es@^1.1.0:
  version "1.1.0"
  resolved "https://registry.yarnpkg.com/detect-node-es/-/detect-node-es-1.1.0.tgz#163acdf643330caa0b4cd7c21e7ee7755d6fa493"
  integrity sha512-ypdmJU/TbBby2Dxibuv7ZLW3Bs1QEmM7nHjEANfohJLvE0XVujisn1qPJcZxg+qDucsr+bP6fLD1rPS3AhJ7EQ==

get-nonce@^1.0.0:
  version "1.0.1"
  resolved "https://registry.yarnpkg.com/get-nonce/-/get-nonce-1.0.1.tgz#fdf3f0278073820d2ce9426c18f07481b1e0cdf3"
  integrity sha512-FJhYRoDaiatfEkUK8HKlicmu/3SGFD51q3itKDGoSTysQJBnfOcxU5GxnhE1E6soB76MbT0MBtnKJuXyAx+96Q==

invariant@^2.2.4:
  version "2.2.4"
  resolved "https://registry.yarnpkg.com/invariant/-/invariant-2.2.4.tgz#610f3c92c9359ce1db616e538008d23ff35158e6"
  integrity sha512-phJfQVBuaJM5raOpJjSfkiD6BpbCE4Ns//LaXl6wGYtUBY83nWS6Rf9tXm2e8VaK60JEjYldbPif/A2B1C2gNA==
  dependencies:
    loose-envify "^1.0.0"

"js-tokens@^3.0.0 || ^4.0.0":
  version "4.0.0"
  resolved "https://registry.yarnpkg.com/js-tokens/-/js-tokens-4.0.0.tgz#19203fb59991df98e3a287050d4647cdeaf32499"
  integrity sha512-RdJUflcE3cUzKiMqQgsCu06FPu9UdIJO0beYbPhHN4k6apgJtifcoCtT9bcxOpYBtpD2kCM6Sbzg4CausW/PKQ==

loose-envify@^1.0.0, loose-envify@^1.1.0:
  version "1.4.0"
  resolved "https://registry.yarnpkg.com/loose-envify/-/loose-envify-1.4.0.tgz#71ee51fa7be4caec1a63839f7e682d8132d30caf"
  integrity sha512-lyuxPGr/Wfhrlem2CL/UcnUc1zcqKAImBDzukY7Y5F/yQiNdko6+fRLevlw1HgMySw7f611UIY408EtxRSoK3Q==
  dependencies:
    js-tokens "^3.0.0 || ^4.0.0"

nanoid@^3.1.30:
  version "3.3.2"
  resolved "https://registry.yarnpkg.com/nanoid/-/nanoid-3.3.2.tgz#c89622fafb4381cd221421c69ec58547a1eec557"
  integrity sha512-CuHBogktKwpm5g2sRgv83jEy2ijFzBwMoYA60orPDR7ynsLijJDqgsi4RDGj3OJpy3Ieb+LYwiRmIOGyytgITA==

next-themes@^0.2.0:
  version "0.2.0"
  resolved "https://registry.yarnpkg.com/next-themes/-/next-themes-0.2.0.tgz#fdc507f61e95b3ae513dee8d4783bcec8c02e3a3"
  integrity sha512-myhpDL4vadBD9YDSHiewqvzorGzB03N84e+3LxCwHRlM/hiBOaW+UsKsQojQAzC7fdcJA0l2ppveXcYaVV+hxQ==

next@latest:
  version "12.1.4"
  resolved "https://registry.yarnpkg.com/next/-/next-12.1.4.tgz#597a9bdec7aec778b442c4f6d41afd2c64a54b23"
  integrity sha512-DA4g97BM4Z0nKtDvCTm58RxdvoQyYzeg0AeVbh0N4Y/D8ELrNu47lQeEgRGF8hV4eQ+Sal90zxrJQQG/mPQ8CQ==
  dependencies:
    "@next/env" "12.1.4"
    caniuse-lite "^1.0.30001283"
    postcss "8.4.5"
    styled-jsx "5.0.1"
  optionalDependencies:
    "@next/swc-android-arm-eabi" "12.1.4"
    "@next/swc-android-arm64" "12.1.4"
    "@next/swc-darwin-arm64" "12.1.4"
    "@next/swc-darwin-x64" "12.1.4"
    "@next/swc-linux-arm-gnueabihf" "12.1.4"
    "@next/swc-linux-arm64-gnu" "12.1.4"
    "@next/swc-linux-arm64-musl" "12.1.4"
    "@next/swc-linux-x64-gnu" "12.1.4"
    "@next/swc-linux-x64-musl" "12.1.4"
    "@next/swc-win32-arm64-msvc" "12.1.4"
    "@next/swc-win32-ia32-msvc" "12.1.4"
    "@next/swc-win32-x64-msvc" "12.1.4"

object-assign@^4.1.1:
  version "4.1.1"
  resolved "https://registry.yarnpkg.com/object-assign/-/object-assign-4.1.1.tgz#2109adc7965887cfc05cbbd442cac8bfbb360863"
  integrity sha1-IQmtx5ZYh8/AXLvUQsrIv7s2CGM=

picocolors@^1.0.0:
  version "1.0.0"
  resolved "https://registry.yarnpkg.com/picocolors/-/picocolors-1.0.0.tgz#cb5bdc74ff3f51892236eaf79d68bc44564ab81c"
  integrity sha512-1fygroTLlHu66zi26VoTDv8yRgm0Fccecssto+MhsZ0D/DGW2sm8E8AjW7NU5VVTRt5GxbeZ5qBuJr+HyLYkjQ==

postcss@8.4.5:
  version "8.4.5"
  resolved "https://registry.yarnpkg.com/postcss/-/postcss-8.4.5.tgz#bae665764dfd4c6fcc24dc0fdf7e7aa00cc77f95"
  integrity sha512-jBDboWM8qpaqwkMwItqTQTiFikhs/67OYVvblFFTM7MrZjt6yMKd6r2kgXizEbTTljacm4NldIlZnhbjr84QYg==
  dependencies:
    nanoid "^3.1.30"
    picocolors "^1.0.0"
    source-map-js "^1.0.1"

react-dom@^17.0.2:
  version "17.0.2"
  resolved "https://registry.yarnpkg.com/react-dom/-/react-dom-17.0.2.tgz#ecffb6845e3ad8dbfcdc498f0d0a939736502c23"
  integrity sha512-s4h96KtLDUQlsENhMn1ar8t2bEa+q/YAtj8pPPdIjPDGBDIVNsrD9aXNWqspUe6AzKCIG0C1HZZLqLV7qpOBGA==
  dependencies:
    loose-envify "^1.1.0"
    object-assign "^4.1.1"
    scheduler "^0.20.2"

react-remove-scroll-bar@^2.3.3:
  version "2.3.3"
  resolved "https://registry.yarnpkg.com/react-remove-scroll-bar/-/react-remove-scroll-bar-2.3.3.tgz#e291f71b1bb30f5f67f023765b7435f4b2b2cd94"
  integrity sha512-i9GMNWwpz8XpUpQ6QlevUtFjHGqnPG4Hxs+wlIJntu/xcsZVEpJcIV71K3ZkqNy2q3GfgvkD7y6t/Sv8ofYSbw==
  dependencies:
    react-style-singleton "^2.2.1"
    tslib "^2.0.0"

react-remove-scroll@2.5.4:
  version "2.5.4"
  resolved "https://registry.yarnpkg.com/react-remove-scroll/-/react-remove-scroll-2.5.4.tgz#afe6491acabde26f628f844b67647645488d2ea0"
  integrity sha512-xGVKJJr0SJGQVirVFAUZ2k1QLyO6m+2fy0l8Qawbp5Jgrv3DeLalrfMNBFSlmz5kriGGzsVBtGVnf4pTKIhhWA==
  dependencies:
    react-remove-scroll-bar "^2.3.3"
    react-style-singleton "^2.2.1"
    tslib "^2.1.0"
    use-callback-ref "^1.3.0"
    use-sidecar "^1.1.2"

react-style-singleton@^2.2.1:
  version "2.2.1"
  resolved "https://registry.yarnpkg.com/react-style-singleton/-/react-style-singleton-2.2.1.tgz#f99e420492b2d8f34d38308ff660b60d0b1205b4"
  integrity sha512-ZWj0fHEMyWkHzKYUr2Bs/4zU6XLmq9HsgBURm7g5pAVfyn49DgUiNgY2d4lXRlYSiCif9YBGpQleewkcqddc7g==
  dependencies:
    get-nonce "^1.0.0"
    invariant "^2.2.4"
    tslib "^2.0.0"

react@^17.0.2:
  version "17.0.2"
  resolved "https://registry.yarnpkg.com/react/-/react-17.0.2.tgz#d0b5cc516d29eb3eee383f75b62864cfb6800037"
  integrity sha512-gnhPt75i/dq/z3/6q/0asP78D0u592D5L1pd7M8P+dck6Fu/jJeL6iVVK23fptSUZj8Vjf++7wXA8UNclGQcbA==
  dependencies:
    loose-envify "^1.1.0"
    object-assign "^4.1.1"

regenerator-runtime@^0.13.4:
  version "0.13.9"
  resolved "https://registry.yarnpkg.com/regenerator-runtime/-/regenerator-runtime-0.13.9.tgz#8925742a98ffd90814988d7566ad30ca3b263b52"
  integrity sha512-p3VT+cOEgxFsRRA9X4lkI1E+k2/CtnKtU4gcxyaCUreilL/vqI6CdZ3wxVUx3UOUg+gnUOQQcRI7BmSI656MYA==

scheduler@^0.20.2:
  version "0.20.2"
  resolved "https://registry.yarnpkg.com/scheduler/-/scheduler-0.20.2.tgz#4baee39436e34aa93b4874bddcbf0fe8b8b50e91"
  integrity sha512-2eWfGgAqqWFGqtdMmcL5zCMK1U8KlXv8SQFGglL3CEtd0aDVDWgeF/YoCmvln55m5zSk3J/20hTaSBeSObsQDQ==
  dependencies:
    loose-envify "^1.1.0"
    object-assign "^4.1.1"

slugify@^1.6.5:
  version "1.6.5"
  resolved "https://registry.yarnpkg.com/slugify/-/slugify-1.6.5.tgz#c8f5c072bf2135b80703589b39a3d41451fbe8c8"
  integrity sha512-8mo9bslnBO3tr5PEVFzMPIWwWnipGS0xVbYf65zxDqfNwmzYn1LpiKNrR6DlClusuvo+hDHd1zKpmfAe83NQSQ==

source-map-js@^1.0.1:
  version "1.0.2"
  resolved "https://registry.yarnpkg.com/source-map-js/-/source-map-js-1.0.2.tgz#adbc361d9c62df380125e7f161f71c826f1e490c"
  integrity sha512-R0XvVJ9WusLiqTCEiGCmICCMplcCkIwwR11mOSD9CR5u+IXYdiseeEuXCVAjS54zqwkLcPNnmU4OeJ6tUrWhDw==

styled-jsx@5.0.1:
  version "5.0.1"
  resolved "https://registry.yarnpkg.com/styled-jsx/-/styled-jsx-5.0.1.tgz#78fecbbad2bf95ce6cd981a08918ce4696f5fc80"
  integrity sha512-+PIZ/6Uk40mphiQJJI1202b+/dYeTVd9ZnMPR80pgiWbjIwvN2zIp4r9et0BgqBuShh48I0gttPlAXA7WVvBxw==

tslib@^1.0.0:
  version "1.14.1"
  resolved "https://registry.yarnpkg.com/tslib/-/tslib-1.14.1.tgz#cf2d38bdc34a134bcaf1091c41f6619e2f672d00"
  integrity sha512-Xni35NKzjgMrwevysHTCArtLDpPvye8zV/0E4EyYn43P7/7qvQwPh9BGkHewbMulVntbigmcT7rdX3BNo9wRJg==

tslib@^2.0.0, tslib@^2.1.0:
  version "2.4.0"
  resolved "https://registry.yarnpkg.com/tslib/-/tslib-2.4.0.tgz#7cecaa7f073ce680a05847aa77be941098f36dc3"
  integrity sha512-d6xOpEDfsi2CZVlPQzGeux8XMwLT9hssAsaPYExaQMuYskwb+x1x7J371tWlbBdWHroy99KnVB6qIkUbs5X3UQ==

typescript@^4.8.2:
  version "4.8.2"
  resolved "https://registry.yarnpkg.com/typescript/-/typescript-4.8.2.tgz#e3b33d5ccfb5914e4eeab6699cf208adee3fd790"
  integrity sha512-C0I1UsrrDHo2fYI5oaCGbSejwX4ch+9Y5jTQELvovfmFkK3HHSZJB8MSJcWLmCUBzQBchCrZ9rMRV6GuNrvGtw==

use-callback-ref@^1.3.0:
  version "1.3.0"
  resolved "https://registry.yarnpkg.com/use-callback-ref/-/use-callback-ref-1.3.0.tgz#772199899b9c9a50526fedc4993fc7fa1f7e32d5"
  integrity sha512-3FT9PRuRdbB9HfXhEq35u4oZkvpJ5kuYbpqhCfmiZyReuRgpnhDlbr2ZEnnuS0RrJAPn6l23xjFg9kpDM+Ms7w==
  dependencies:
    tslib "^2.0.0"

use-isomorphic-layout-effect@^1.1.1:
  version "1.1.2"
  resolved "https://registry.yarnpkg.com/use-isomorphic-layout-effect/-/use-isomorphic-layout-effect-1.1.2.tgz#497cefb13d863d687b08477d9e5a164ad8c1a6fb"
  integrity sha512-49L8yCO3iGT/ZF9QttjwLF/ZD9Iwto5LnH5LmEdk/6cFmXddqi2ulF0edxTwjj+7mqvpVVGQWvbXZdn32wRSHA==

use-sidecar@^1.1.2:
  version "1.1.2"
  resolved "https://registry.yarnpkg.com/use-sidecar/-/use-sidecar-1.1.2.tgz#2f43126ba2d7d7e117aa5855e5d8f0276dfe73c2"
  integrity sha512-epTbsLuzZ7lPClpz2TyryBfztm7m+28DlEv2ZCQ3MDr5ssiwyOwGH/e5F9CkfWjJ1t4clvI58yF822/GUkjjhw==
  dependencies:
    detect-node-es "^1.1.0"
    tslib "^2.0.0"

uuid@^8.3.2:
  version "8.3.2"
  resolved "https://registry.yarnpkg.com/uuid/-/uuid-8.3.2.tgz#80d5b5ced271bb9af6c445f21a1a04c606cefbe2"
  integrity sha512-+NYs2QeMWy+GWFOEm9xnn6HCDp0l7QBD7ml8zLUmJ+93Q5NF0NocErnwkTkXVFNiX3/fpC6afS8Dhb/gz7R7eg==
